
Microsoft Visual Studio Solution File, Format Version 12.00
# Visual Studio Version 17
VisualStudioVersion = 17.1.32228.430
MinimumVisualStudioVersion = 10.0.40219.1
Project("{8BC9CEB8-8B4A-11D0-8D11-00A0C91BC942}") = "Renderer", "Renderer\Renderer.vcxproj", "{BA5DB6F0-B3E0-4627-A0C1-902E3AAD20A5}"
EndProject
Global
	GlobalSection(SolutionConfigurationPlatforms) = preSolution
		Debug|x64 = Debug|x64
		Debug|x86 = Debug|x86
		Release|x64 = Release|x64
		Release|x86 = Release|x86
	EndGlobalSection
	GlobalSection(ProjectConfigurationPlatforms) = postSolution
		{BA5DB6F0-B3E0-4627-A0C1-902E3AAD20A5}.Debug|x64.ActiveCfg = Debug|x64
		{BA5DB6F0-B3E0-4627-A0C1-902E3AAD20A5}.Debug|x64.Build.0 = Debug|x64
		{BA5DB6F0-B3E0-4627-A0C1-902E3AAD20A5}.Debug|x86.ActiveCfg = Debug|Win32
		{BA5DB6F0-B3E0-4627-A0C1-902E3AAD20A5}.Debug|x86.Build.0 = Debug|Win32
		{BA5DB6F0-B3E0-4627-A0C1-902E3AAD20A5}.Release|x64.ActiveCfg = Release|x64
		{BA5DB6F0-B3E0-4627-A0C1-902E3AAD20A5}.Release|x64.Build.0 = Release|x64
		{BA5DB6F0-B3E0-4627-A0C1-902E3AAD20A5}.Release|x86.ActiveCfg = Release|Win32
		{BA5DB6F0-B3E0-4627-A0C1-902E3AAD20A5}.Release|x86.Build.0 = Release|Win32
	EndGlobalSection
	GlobalSection(SolutionProperties) = preSolution
		HideSolutionNode = FALSE
	EndGlobalSection
	GlobalSection(ExtensibilityGlobals) = postSolution
		SolutionGuid = {A905AC96-6D45-49D7-A7CA-A250136075EB}
	EndGlobalSection
EndGlobal
